
Microsoft Visual Studio Solution File, Format Version 12.00
# Visual Studio Version 17
VisualStudioVersion = 17.3.32804.467
MinimumVisualStudioVersion = 10.0.40219.1
Project("{9A19103F-16F7-4668-BE54-9A1E7A4F7556}") = "TdInterface", "TdInterface\TdInterface.csproj", "{3271B806-DD94-4731-B226-6639869EBEC3}"
EndProject
Project("{9A19103F-16F7-4668-BE54-9A1E7A4F7556}") = "TdInterfaceTests", "TdInterfaceTests\TdInterfaceTests.csproj", "{6943CD8E-D103-4CB7-BD45-29E538570DEC}"
EndProject
Project("{FAE04EC0-301F-11D3-BF4B-00C04F79EFBC}") = "EZTM.Common", "EZTM.Common\EZTM.Common.csproj", "{4A421820-7C5E-42FD-B5D8-A6F797CAE8BD}"
EndProject
Global
	GlobalSection(SolutionConfigurationPlatforms) = preSolution
		Debug|Any CPU = Debug|Any CPU
		Debug|ARM = Debug|ARM
		Debug|ARM64 = Debug|ARM64
		Debug|x64 = Debug|x64
		Debug|x86 = Debug|x86
		Release|Any CPU = Release|Any CPU
		Release|ARM = Release|ARM
		Release|ARM64 = Release|ARM64
		Release|x64 = Release|x64
		Release|x86 = Release|x86
	EndGlobalSection
	GlobalSection(ProjectConfigurationPlatforms) = postSolution
		{3271B806-DD94-4731-B226-6639869EBEC3}.Debug|Any CPU.ActiveCfg = Debug|Any CPU
		{3271B806-DD94-4731-B226-6639869EBEC3}.Debug|Any CPU.Build.0 = Debug|Any CPU
		{3271B806-DD94-4731-B226-6639869EBEC3}.Debug|ARM.ActiveCfg = Debug|Any CPU
		{3271B806-DD94-4731-B226-6639869EBEC3}.Debug|ARM.Build.0 = Debug|Any CPU
		{3271B806-DD94-4731-B226-6639869EBEC3}.Debug|ARM64.ActiveCfg = Debug|Any CPU
		{3271B806-DD94-4731-B226-6639869EBEC3}.Debug|ARM64.Build.0 = Debug|Any CPU
		{3271B806-DD94-4731-B226-6639869EBEC3}.Debug|x64.ActiveCfg = Debug|Any CPU
		{3271B806-DD94-4731-B226-6639869EBEC3}.Debug|x64.Build.0 = Debug|Any CPU
		{3271B806-DD94-4731-B226-6639869EBEC3}.Debug|x86.ActiveCfg = Debug|Any CPU
		{3271B806-DD94-4731-B226-6639869EBEC3}.Debug|x86.Build.0 = Debug|Any CPU
		{3271B806-DD94-4731-B226-6639869EBEC3}.Release|Any CPU.ActiveCfg = Release|Any CPU
		{3271B806-DD94-4731-B226-6639869EBEC3}.Release|Any CPU.Build.0 = Release|Any CPU
		{3271B806-DD94-4731-B226-6639869EBEC3}.Release|ARM.ActiveCfg = Release|Any CPU
		{3271B806-DD94-4731-B226-6639869EBEC3}.Release|ARM.Build.0 = Release|Any CPU
		{3271B806-DD94-4731-B226-6639869EBEC3}.Release|ARM64.ActiveCfg = Release|Any CPU
		{3271B806-DD94-4731-B226-6639869EBEC3}.Release|ARM64.Build.0 = Release|Any CPU
		{3271B806-DD94-4731-B226-6639869EBEC3}.Release|x64.ActiveCfg = Release|Any CPU
		{3271B806-DD94-4731-B226-6639869EBEC3}.Release|x64.Build.0 = Release|Any CPU
		{3271B806-DD94-4731-B226-6639869EBEC3}.Release|x86.ActiveCfg = Release|Any CPU
		{3271B806-DD94-4731-B226-6639869EBEC3}.Release|x86.Build.0 = Release|Any CPU
		{6943CD8E-D103-4CB7-BD45-29E538570DEC}.Debug|Any CPU.ActiveCfg = Debug|Any CPU
		{6943CD8E-D103-4CB7-BD45-29E538570DEC}.Debug|Any CPU.Build.0 = Debug|Any CPU
		{6943CD8E-D103-4CB7-BD45-29E538570DEC}.Debug|ARM.ActiveCfg = Debug|Any CPU
		{6943CD8E-D103-4CB7-BD45-29E538570DEC}.Debug|ARM.Build.0 = Debug|Any CPU
		{6943CD8E-D103-4CB7-BD45-29E538570DEC}.Debug|ARM64.ActiveCfg = Debug|Any CPU
		{6943CD8E-D103-4CB7-BD45-29E538570DEC}.Debug|ARM64.Build.0 = Debug|Any CPU
		{6943CD8E-D103-4CB7-BD45-29E538570DEC}.Debug|x64.ActiveCfg = Debug|Any CPU
		{6943CD8E-D103-4CB7-BD45-29E538570DEC}.Debug|x64.Build.0 = Debug|Any CPU
		{6943CD8E-D103-4CB7-BD45-29E538570DEC}.Debug|x86.ActiveCfg = Debug|Any CPU
		{6943CD8E-D103-4CB7-BD45-29E538570DEC}.Debug|x86.Build.0 = Debug|Any CPU
		{6943CD8E-D103-4CB7-BD45-29E538570DEC}.Release|Any CPU.ActiveCfg = Release|Any CPU
		{6943CD8E-D103-4CB7-BD45-29E538570DEC}.Release|Any CPU.Build.0 = Release|Any CPU
		{6943CD8E-D103-4CB7-BD45-29E538570DEC}.Release|ARM.ActiveCfg = Release|Any CPU
		{6943CD8E-D103-4CB7-BD45-29E538570DEC}.Release|ARM.Build.0 = Release|Any CPU
		{6943CD8E-D103-4CB7-BD45-29E538570DEC}.Release|ARM64.ActiveCfg = Release|Any CPU
		{6943CD8E-D103-4CB7-BD45-29E538570DEC}.Release|ARM64.Build.0 = Release|Any CPU
		{6943CD8E-D103-4CB7-BD45-29E538570DEC}.Release|x64.ActiveCfg = Release|Any CPU
		{6943CD8E-D103-4CB7-BD45-29E538570DEC}.Release|x64.Build.0 = Release|Any CPU
		{6943CD8E-D103-4CB7-BD45-29E538570DEC}.Release|x86.ActiveCfg = Release|Any CPU
		{6943CD8E-D103-4CB7-BD45-29E538570DEC}.Release|x86.Build.0 = Release|Any CPU
		{4A421820-7C5E-42FD-B5D8-A6F797CAE8BD}.Debug|Any CPU.ActiveCfg = Debug|Any CPU
		{4A421820-7C5E-42FD-B5D8-A6F797CAE8BD}.Debug|Any CPU.Build.0 = Debug|Any CPU
		{4A421820-7C5E-42FD-B5D8-A6F797CAE8BD}.Debug|ARM.ActiveCfg = Debug|Any CPU
		{4A421820-7C5E-42FD-B5D8-A6F797CAE8BD}.Debug|ARM.Build.0 = Debug|Any CPU
		{4A421820-7C5E-42FD-B5D8-A6F797CAE8BD}.Debug|ARM64.ActiveCfg = Debug|Any CPU
		{4A421820-7C5E-42FD-B5D8-A6F797CAE8BD}.Debug|ARM64.Build.0 = Debug|Any CPU
		{4A421820-7C5E-42FD-B5D8-A6F797CAE8BD}.Debug|x64.ActiveCfg = Debug|Any CPU
		{4A421820-7C5E-42FD-B5D8-A6F797CAE8BD}.Debug|x64.Build.0 = Debug|Any CPU
		{4A421820-7C5E-42FD-B5D8-A6F797CAE8BD}.Debug|x86.ActiveCfg = Debug|Any CPU
		{4A421820-7C5E-42FD-B5D8-A6F797CAE8BD}.Debug|x86.Build.0 = Debug|Any CPU
		{4A421820-7C5E-42FD-B5D8-A6F797CAE8BD}.Release|Any CPU.ActiveCfg = Release|Any CPU
		{4A421820-7C5E-42FD-B5D8-A6F797CAE8BD}.Release|Any CPU.Build.0 = Release|Any CPU
		{4A421820-7C5E-42FD-B5D8-A6F797CAE8BD}.Release|ARM.ActiveCfg = Release|Any CPU
		{4A421820-7C5E-42FD-B5D8-A6F797CAE8BD}.Release|ARM.Build.0 = Release|Any CPU
		{4A421820-7C5E-42FD-B5D8-A6F797CAE8BD}.Release|ARM64.ActiveCfg = Release|Any CPU
		{4A421820-7C5E-42FD-B5D8-A6F797CAE8BD}.Release|ARM64.Build.0 = Release|Any CPU
		{4A421820-7C5E-42FD-B5D8-A6F797CAE8BD}.Release|x64.ActiveCfg = Release|Any CPU
		{4A421820-7C5E-42FD-B5D8-A6F797CAE8BD}.Release|x64.Build.0 = Release|Any CPU
		{4A421820-7C5E-42FD-B5D8-A6F797CAE8BD}.Release|x86.ActiveCfg = Release|Any CPU
		{4A421820-7C5E-42FD-B5D8-A6F797CAE8BD}.Release|x86.Build.0 = Release|Any CPU
	EndGlobalSection
	GlobalSection(SolutionProperties) = preSolution
		HideSolutionNode = FALSE
	EndGlobalSection
	GlobalSection(ExtensibilityGlobals) = postSolution
		SolutionGuid = {2B866DB6-1460-4633-B134-B1418C6C9AEA}
	EndGlobalSection
EndGlobal
