
Microsoft Visual Studio Solution File, Format Version 12.00
# Visual Studio Version 16
VisualStudioVersion = 16.0.32428.217
MinimumVisualStudioVersion = 10.0.40219.1
Project("{9A19103F-16F7-4668-BE54-9A1E7A4F7556}") = "TdInterface", "TdInterface\TdInterface.csproj", "{3271B806-DD94-4731-B226-6639869EBEC3}"
EndProject
Project("{9A19103F-16F7-4668-BE54-9A1E7A4F7556}") = "TdInterfaceTests", "TdInterfaceTests\TdInterfaceTests.csproj", "{6943CD8E-D103-4CB7-BD45-29E538570DEC}"
EndProject
Global
	GlobalSection(SolutionConfigurationPlatforms) = preSolution
		Debug|Any CPU = Debug|Any CPU
		Release|Any CPU = Release|Any CPU
	EndGlobalSection
	GlobalSection(ProjectConfigurationPlatforms) = postSolution
		{3271B806-DD94-4731-B226-6639869EBEC3}.Debug|Any CPU.ActiveCfg = Debug|Any CPU
		{3271B806-DD94-4731-B226-6639869EBEC3}.Debug|Any CPU.Build.0 = Debug|Any CPU
		{3271B806-DD94-4731-B226-6639869EBEC3}.Release|Any CPU.ActiveCfg = Release|Any CPU
		{3271B806-DD94-4731-B226-6639869EBEC3}.Release|Any CPU.Build.0 = Release|Any CPU
		{6943CD8E-D103-4CB7-BD45-29E538570DEC}.Debug|Any CPU.ActiveCfg = Debug|Any CPU
		{6943CD8E-D103-4CB7-BD45-29E538570DEC}.Debug|Any CPU.Build.0 = Debug|Any CPU
		{6943CD8E-D103-4CB7-BD45-29E538570DEC}.Release|Any CPU.ActiveCfg = Release|Any CPU
		{6943CD8E-D103-4CB7-BD45-29E538570DEC}.Release|Any CPU.Build.0 = Release|Any CPU
	EndGlobalSection
	GlobalSection(SolutionProperties) = preSolution
		HideSolutionNode = FALSE
	EndGlobalSection
	GlobalSection(ExtensibilityGlobals) = postSolution
		SolutionGuid = {2B866DB6-1460-4633-B134-B1418C6C9AEA}
	EndGlobalSection
EndGlobal
